
Microsoft Visual Studio Solution File, Format Version 12.00
# Visual Studio Version 17
VisualStudioVersion = 17.14.36202.13
MinimumVisualStudioVersion = 10.0.40219.1
Project("{2150E333-8FDC-42A3-9474-1A3956D46DE8}") = "OrderService", "OrderService", "{02EA681E-C7D8-13C7-8484-4AC65E1B71E8}"
EndProject
Project("{2150E333-8FDC-42A3-9474-1A3956D46DE8}") = "src", "src", "{4F988CDB-25A5-4E98-A3E7-26FCCF1C86AB}"
EndProject
Project("{FAE04EC0-301F-11D3-BF4B-00C04F79EFBC}") = "OrderService.API", "OrderService\src\OrderService.API\OrderService.API.csproj", "{11F72209-A521-4A71-9960-F5A3DD779AA3}"
EndProject
Project("{FAE04EC0-301F-11D3-BF4B-00C04F79EFBC}") = "OrderService.Application", "OrderService\src\OrderService.Application\OrderService.Application.csproj", "{D1D10034-3A18-42A0-BC7C-70C61E54C894}"
EndProject
Project("{FAE04EC0-301F-11D3-BF4B-00C04F79EFBC}") = "OrderService.Domain", "OrderService\src\OrderService.Domain\OrderService.Domain.csproj", "{F7953327-8E9B-41E9-B0E9-7F02B1838D9C}"
EndProject
Project("{FAE04EC0-301F-11D3-BF4B-00C04F79EFBC}") = "OrderService.Infrastructure", "OrderService\src\OrderService.Infrastructure\OrderService.Infrastructure.csproj", "{F4B0CBD3-4EE7-46AF-BB7D-9B0ADCBFE34A}"
EndProject
Project("{2150E333-8FDC-42A3-9474-1A3956D46DE8}") = "ShippingService", "ShippingService", "{470F207C-C783-48CB-9A10-6D42BF029F7D}"
EndProject
Project("{2150E333-8FDC-42A3-9474-1A3956D46DE8}") = "src", "src", "{95E08465-5228-4217-8E52-43893A3AB984}"
EndProject
Project("{FAE04EC0-301F-11D3-BF4B-00C04F79EFBC}") = "ShippingService.API", "ShippingService\src\ShippingService.API\ShippingService.API.csproj", "{B4845584-2055-4C7B-889E-C0CDA0B6F6F2}"
EndProject
Project("{FAE04EC0-301F-11D3-BF4B-00C04F79EFBC}") = "ShippingService.Application", "ShippingService\src\ShippingService.Application\ShippingService.Application.csproj", "{BC2AE6B4-54D0-4E64-AE5A-799E7FF8CFC7}"
EndProject
Project("{FAE04EC0-301F-11D3-BF4B-00C04F79EFBC}") = "ShippingService.Domain", "ShippingService\src\ShippingService.Domain\ShippingService.Domain.csproj", "{E482E70A-05DF-47A8-8D93-860232AE6F6D}"
EndProject
Project("{FAE04EC0-301F-11D3-BF4B-00C04F79EFBC}") = "ShippingService.Infrastructure", "ShippingService\src\ShippingService.Infrastructure\ShippingService.Infrastructure.csproj", "{649EE7DC-6BF8-4279-8B8B-431C85CCF434}"
EndProject
Project("{2150E333-8FDC-42A3-9474-1A3956D46DE8}") = "tests", "tests", "{747D9FB5-3113-4859-B9DC-E8B7CE26A98B}"
EndProject
Project("{FAE04EC0-301F-11D3-BF4B-00C04F79EFBC}") = "OrderService.Unit.Test", "OrderService\tests\OrderService.UnitTest\OrderService.Unit.Test.csproj", "{C794E88D-B5D5-459B-9877-7B0012376760}"
EndProject
Project("{2150E333-8FDC-42A3-9474-1A3956D46DE8}") = "tests", "tests", "{5D328CEB-F6BD-4AAF-AD79-E742717CBA3B}"
EndProject
Project("{FAE04EC0-301F-11D3-BF4B-00C04F79EFBC}") = "ShippingService.Unit.Test", "ShippingService\tests\ShippingService.Unit.Test\ShippingService.Unit.Test.csproj", "{9D7F0B79-554A-40E5-B7B3-3F57E75BDA2F}"
EndProject
Project("{FAE04EC0-301F-11D3-BF4B-00C04F79EFBC}") = "OrderService.Domain.Test", "OrderService\tests\OrderService.Domain.Test\OrderService.Domain.Test.csproj", "{DA18846D-47A4-495B-B86F-ADD291E9ED5C}"
EndProject
Project("{FAE04EC0-301F-11D3-BF4B-00C04F79EFBC}") = "ShippingService.Domain.Test", "ShippingService\tests\ShippingService.Domain.Test\ShippingService.Domain.Test.csproj", "{33208874-FE5B-4506-AC47-BAB7CBB0FC67}"
EndProject
Global
	GlobalSection(SolutionConfigurationPlatforms) = preSolution
		Debug|Any CPU = Debug|Any CPU
		Release|Any CPU = Release|Any CPU
	EndGlobalSection
	GlobalSection(ProjectConfigurationPlatforms) = postSolution
		{11F72209-A521-4A71-9960-F5A3DD779AA3}.Debug|Any CPU.ActiveCfg = Debug|Any CPU
		{11F72209-A521-4A71-9960-F5A3DD779AA3}.Debug|Any CPU.Build.0 = Debug|Any CPU
		{11F72209-A521-4A71-9960-F5A3DD779AA3}.Release|Any CPU.ActiveCfg = Release|Any CPU
		{11F72209-A521-4A71-9960-F5A3DD779AA3}.Release|Any CPU.Build.0 = Release|Any CPU
		{D1D10034-3A18-42A0-BC7C-70C61E54C894}.Debug|Any CPU.ActiveCfg = Debug|Any CPU
		{D1D10034-3A18-42A0-BC7C-70C61E54C894}.Debug|Any CPU.Build.0 = Debug|Any CPU
		{D1D10034-3A18-42A0-BC7C-70C61E54C894}.Release|Any CPU.ActiveCfg = Release|Any CPU
		{D1D10034-3A18-42A0-BC7C-70C61E54C894}.Release|Any CPU.Build.0 = Release|Any CPU
		{F7953327-8E9B-41E9-B0E9-7F02B1838D9C}.Debug|Any CPU.ActiveCfg = Debug|Any CPU
		{F7953327-8E9B-41E9-B0E9-7F02B1838D9C}.Debug|Any CPU.Build.0 = Debug|Any CPU
		{F7953327-8E9B-41E9-B0E9-7F02B1838D9C}.Release|Any CPU.ActiveCfg = Release|Any CPU
		{F7953327-8E9B-41E9-B0E9-7F02B1838D9C}.Release|Any CPU.Build.0 = Release|Any CPU
		{F4B0CBD3-4EE7-46AF-BB7D-9B0ADCBFE34A}.Debug|Any CPU.ActiveCfg = Debug|Any CPU
		{F4B0CBD3-4EE7-46AF-BB7D-9B0ADCBFE34A}.Debug|Any CPU.Build.0 = Debug|Any CPU
		{F4B0CBD3-4EE7-46AF-BB7D-9B0ADCBFE34A}.Release|Any CPU.ActiveCfg = Release|Any CPU
		{F4B0CBD3-4EE7-46AF-BB7D-9B0ADCBFE34A}.Release|Any CPU.Build.0 = Release|Any CPU
		{B4845584-2055-4C7B-889E-C0CDA0B6F6F2}.Debug|Any CPU.ActiveCfg = Debug|Any CPU
		{B4845584-2055-4C7B-889E-C0CDA0B6F6F2}.Debug|Any CPU.Build.0 = Debug|Any CPU
		{B4845584-2055-4C7B-889E-C0CDA0B6F6F2}.Release|Any CPU.ActiveCfg = Release|Any CPU
		{B4845584-2055-4C7B-889E-C0CDA0B6F6F2}.Release|Any CPU.Build.0 = Release|Any CPU
		{BC2AE6B4-54D0-4E64-AE5A-799E7FF8CFC7}.Debug|Any CPU.ActiveCfg = Debug|Any CPU
		{BC2AE6B4-54D0-4E64-AE5A-799E7FF8CFC7}.Debug|Any CPU.Build.0 = Debug|Any CPU
		{BC2AE6B4-54D0-4E64-AE5A-799E7FF8CFC7}.Release|Any CPU.ActiveCfg = Release|Any CPU
		{BC2AE6B4-54D0-4E64-AE5A-799E7FF8CFC7}.Release|Any CPU.Build.0 = Release|Any CPU
		{E482E70A-05DF-47A8-8D93-860232AE6F6D}.Debug|Any CPU.ActiveCfg = Debug|Any CPU
		{E482E70A-05DF-47A8-8D93-860232AE6F6D}.Debug|Any CPU.Build.0 = Debug|Any CPU
		{E482E70A-05DF-47A8-8D93-860232AE6F6D}.Release|Any CPU.ActiveCfg = Release|Any CPU
		{E482E70A-05DF-47A8-8D93-860232AE6F6D}.Release|Any CPU.Build.0 = Release|Any CPU
		{649EE7DC-6BF8-4279-8B8B-431C85CCF434}.Debug|Any CPU.ActiveCfg = Debug|Any CPU
		{649EE7DC-6BF8-4279-8B8B-431C85CCF434}.Debug|Any CPU.Build.0 = Debug|Any CPU
		{649EE7DC-6BF8-4279-8B8B-431C85CCF434}.Release|Any CPU.ActiveCfg = Release|Any CPU
		{649EE7DC-6BF8-4279-8B8B-431C85CCF434}.Release|Any CPU.Build.0 = Release|Any CPU
		{C794E88D-B5D5-459B-9877-7B0012376760}.Debug|Any CPU.ActiveCfg = Debug|Any CPU
		{C794E88D-B5D5-459B-9877-7B0012376760}.Debug|Any CPU.Build.0 = Debug|Any CPU
		{C794E88D-B5D5-459B-9877-7B0012376760}.Release|Any CPU.ActiveCfg = Release|Any CPU
		{C794E88D-B5D5-459B-9877-7B0012376760}.Release|Any CPU.Build.0 = Release|Any CPU
		{9D7F0B79-554A-40E5-B7B3-3F57E75BDA2F}.Debug|Any CPU.ActiveCfg = Debug|Any CPU
		{9D7F0B79-554A-40E5-B7B3-3F57E75BDA2F}.Debug|Any CPU.Build.0 = Debug|Any CPU
		{9D7F0B79-554A-40E5-B7B3-3F57E75BDA2F}.Release|Any CPU.ActiveCfg = Release|Any CPU
		{9D7F0B79-554A-40E5-B7B3-3F57E75BDA2F}.Release|Any CPU.Build.0 = Release|Any CPU
		{DA18846D-47A4-495B-B86F-ADD291E9ED5C}.Debug|Any CPU.ActiveCfg = Debug|Any CPU
		{DA18846D-47A4-495B-B86F-ADD291E9ED5C}.Debug|Any CPU.Build.0 = Debug|Any CPU
		{DA18846D-47A4-495B-B86F-ADD291E9ED5C}.Release|Any CPU.ActiveCfg = Release|Any CPU
		{DA18846D-47A4-495B-B86F-ADD291E9ED5C}.Release|Any CPU.Build.0 = Release|Any CPU
		{33208874-FE5B-4506-AC47-BAB7CBB0FC67}.Debug|Any CPU.ActiveCfg = Debug|Any CPU
		{33208874-FE5B-4506-AC47-BAB7CBB0FC67}.Debug|Any CPU.Build.0 = Debug|Any CPU
		{33208874-FE5B-4506-AC47-BAB7CBB0FC67}.Release|Any CPU.ActiveCfg = Release|Any CPU
		{33208874-FE5B-4506-AC47-BAB7CBB0FC67}.Release|Any CPU.Build.0 = Release|Any CPU
	EndGlobalSection
	GlobalSection(SolutionProperties) = preSolution
		HideSolutionNode = FALSE
	EndGlobalSection
	GlobalSection(NestedProjects) = preSolution
		{4F988CDB-25A5-4E98-A3E7-26FCCF1C86AB} = {02EA681E-C7D8-13C7-8484-4AC65E1B71E8}
		{11F72209-A521-4A71-9960-F5A3DD779AA3} = {4F988CDB-25A5-4E98-A3E7-26FCCF1C86AB}
		{D1D10034-3A18-42A0-BC7C-70C61E54C894} = {4F988CDB-25A5-4E98-A3E7-26FCCF1C86AB}
		{F7953327-8E9B-41E9-B0E9-7F02B1838D9C} = {4F988CDB-25A5-4E98-A3E7-26FCCF1C86AB}
		{F4B0CBD3-4EE7-46AF-BB7D-9B0ADCBFE34A} = {4F988CDB-25A5-4E98-A3E7-26FCCF1C86AB}
		{95E08465-5228-4217-8E52-43893A3AB984} = {470F207C-C783-48CB-9A10-6D42BF029F7D}
		{B4845584-2055-4C7B-889E-C0CDA0B6F6F2} = {95E08465-5228-4217-8E52-43893A3AB984}
		{BC2AE6B4-54D0-4E64-AE5A-799E7FF8CFC7} = {95E08465-5228-4217-8E52-43893A3AB984}
		{E482E70A-05DF-47A8-8D93-860232AE6F6D} = {95E08465-5228-4217-8E52-43893A3AB984}
		{649EE7DC-6BF8-4279-8B8B-431C85CCF434} = {95E08465-5228-4217-8E52-43893A3AB984}
		{747D9FB5-3113-4859-B9DC-E8B7CE26A98B} = {02EA681E-C7D8-13C7-8484-4AC65E1B71E8}
		{C794E88D-B5D5-459B-9877-7B0012376760} = {747D9FB5-3113-4859-B9DC-E8B7CE26A98B}
		{5D328CEB-F6BD-4AAF-AD79-E742717CBA3B} = {470F207C-C783-48CB-9A10-6D42BF029F7D}
		{9D7F0B79-554A-40E5-B7B3-3F57E75BDA2F} = {5D328CEB-F6BD-4AAF-AD79-E742717CBA3B}
		{DA18846D-47A4-495B-B86F-ADD291E9ED5C} = {747D9FB5-3113-4859-B9DC-E8B7CE26A98B}
		{33208874-FE5B-4506-AC47-BAB7CBB0FC67} = {5D328CEB-F6BD-4AAF-AD79-E742717CBA3B}
	EndGlobalSection
	GlobalSection(ExtensibilityGlobals) = postSolution
		SolutionGuid = {8D4D99EA-3CF2-4B34-91E0-55585E93A96C}
	EndGlobalSection
EndGlobal
